
Microsoft Visual Studio Solution File, Format Version 12.00
# Visual Studio 15
VisualStudioVersion = 15.0.28010.2041
MinimumVisualStudioVersion = 10.0.40219.1
Project("{2150E333-8FDC-42A3-9474-1A3956D46DE8}") = "01 kintamieji", "01 kintamieji", "{42B21202-C539-4C78-A5B3-15C2468D533C}"
EndProject
Project("{2150E333-8FDC-42A3-9474-1A3956D46DE8}") = "02 isvedimas", "02 isvedimas", "{D2864988-D180-498E-8AFB-014BAD48E833}"
EndProject
Project("{2150E333-8FDC-42A3-9474-1A3956D46DE8}") = "03 aritmetiniai veiksmai", "03 aritmetiniai veiksmai", "{4445709A-2FA3-4D74-A428-FCB8D4820C20}"
EndProject
Project("{2150E333-8FDC-42A3-9474-1A3956D46DE8}") = "04 ivedimas", "04 ivedimas", "{31EA624B-11EF-47EF-9D69-ABE72D0F9CF0}"
EndProject
Project("{FAE04EC0-301F-11D3-BF4B-00C04F79EFBC}") = "1-1 uzduotis", "1-1 uzduotis\1-1 uzduotis.csproj", "{AC34C775-E625-4E37-B0D2-5120A50C86FC}"
EndProject
Project("{FAE04EC0-301F-11D3-BF4B-00C04F79EFBC}") = "1-2 uzduotis", "1-2 uzduotis\1-2 uzduotis.csproj", "{79185A94-E56A-4871-938B-0084B55FB52A}"
EndProject
Project("{FAE04EC0-301F-11D3-BF4B-00C04F79EFBC}") = "2-01 uzduotis", "2-1 uzduotis\2-01 uzduotis.csproj", "{99802E94-AC75-49C5-8346-7655699A9979}"
EndProject
Project("{FAE04EC0-301F-11D3-BF4B-00C04F79EFBC}") = "2-02 uzduotis", "2-2 uzduotis\2-02 uzduotis.csproj", "{3C7B3D33-92BA-4140-96AB-064BCEF65C45}"
EndProject
Project("{FAE04EC0-301F-11D3-BF4B-00C04F79EFBC}") = "2-03 uzduotis", "2-3 uzduotis\2-03 uzduotis.csproj", "{AA6E978D-37C6-4F53-8873-0FFEA5B33B2D}"
EndProject
Project("{FAE04EC0-301F-11D3-BF4B-00C04F79EFBC}") = "2-04 uzduotis", "2-4 uzduotis\2-04 uzduotis.csproj", "{979CA3EA-9759-4BC2-BAD7-1538B894152B}"
EndProject
Project("{FAE04EC0-301F-11D3-BF4B-00C04F79EFBC}") = "2-05 uzduotis", "2-5 uzduotis\2-05 uzduotis.csproj", "{376EC5BF-D10C-4756-94F6-249E789D2131}"
EndProject
Project("{FAE04EC0-301F-11D3-BF4B-00C04F79EFBC}") = "2-06 uzduotis", "2-6 uzduotis\2-06 uzduotis.csproj", "{1025E9D9-D9F9-4A52-A32B-DFF287857448}"
EndProject
Project("{FAE04EC0-301F-11D3-BF4B-00C04F79EFBC}") = "2-07 uzduotis", "2-7 uzduotis\2-07 uzduotis.csproj", "{F578D8C5-9302-460E-8EA3-8BF802E8D436}"
EndProject
Project("{FAE04EC0-301F-11D3-BF4B-00C04F79EFBC}") = "2-08 uzduotis", "2-8 uzduotis\2-08 uzduotis.csproj", "{8EDEC8CC-6EB6-4BD7-B08D-75AC97D49573}"
EndProject
Project("{FAE04EC0-301F-11D3-BF4B-00C04F79EFBC}") = "2-09 uzduotis", "2-9 uzduotis\2-09 uzduotis.csproj", "{36184475-8C9B-46EB-B1AC-24B1D3CD1A94}"
EndProject
Project("{FAE04EC0-301F-11D3-BF4B-00C04F79EFBC}") = "2-10 uzduotis", "2-10 uzduotis\2-10 uzduotis.csproj", "{AA075AB7-97F9-4B8E-8728-A30091D99876}"
EndProject
Project("{FAE04EC0-301F-11D3-BF4B-00C04F79EFBC}") = "2-11 uzduotis", "2-11 uzduotis\2-11 uzduotis.csproj", "{B286FE1C-6CB2-4724-9540-DF6588D63E58}"
EndProject
Project("{FAE04EC0-301F-11D3-BF4B-00C04F79EFBC}") = "2-12 uzduotis", "2-12 uzduotis\2-12 uzduotis.csproj", "{D04350B0-59F3-488E-8637-20B6B35906C0}"
EndProject
Project("{FAE04EC0-301F-11D3-BF4B-00C04F79EFBC}") = "2-13 uzduotis", "2-13 uzduotis\2-13 uzduotis.csproj", "{7BE8E3E8-EAD4-4263-BDE9-D21EAFE1F1DF}"
EndProject
Project("{FAE04EC0-301F-11D3-BF4B-00C04F79EFBC}") = "2-14 uzduotis", "2-14 uzduotis\2-14 uzduotis.csproj", "{700471D5-80A1-420B-B857-AF7031789391}"
EndProject
Project("{FAE04EC0-301F-11D3-BF4B-00C04F79EFBC}") = "3-01 uzduotis", "3-01 uzduotis\3-01 uzduotis.csproj", "{84DFAC9C-82D5-4F3A-8508-EAA0C037FC82}"
EndProject
Project("{FAE04EC0-301F-11D3-BF4B-00C04F79EFBC}") = "3-02 uzduotis", "3-02 uzduotis\3-02 uzduotis.csproj", "{91B8A971-3062-4364-9FAE-2A620228A3F1}"
EndProject
Project("{FAE04EC0-301F-11D3-BF4B-00C04F79EFBC}") = "3-03 uzduotis", "3-03 uzduotis\3-03 uzduotis.csproj", "{211C8EB7-0788-47A2-B75B-D10D7C7B8B7F}"
EndProject
Project("{FAE04EC0-301F-11D3-BF4B-00C04F79EFBC}") = "3-04 uzduotis", "3-04 uzduotis\3-04 uzduotis.csproj", "{8DE491BF-6BAA-434A-AA46-E3C8D26AA86F}"
EndProject
Project("{FAE04EC0-301F-11D3-BF4B-00C04F79EFBC}") = "3-05 uzduotis", "3-05 uzduotis\3-05 uzduotis.csproj", "{D4D08023-E725-4070-8EF3-62AB39A560C8}"
EndProject
Project("{FAE04EC0-301F-11D3-BF4B-00C04F79EFBC}") = "3-06 uzduotis", "3-06 uzduotis\3-06 uzduotis.csproj", "{B9B5DAD3-8E72-4180-B46C-3B90815754CC}"
EndProject
Project("{FAE04EC0-301F-11D3-BF4B-00C04F79EFBC}") = "3-07 uzduotis", "3-07 uzduotis\3-07 uzduotis.csproj", "{7CD0479C-CF68-492A-A714-CE08E6A2C621}"
EndProject
Project("{FAE04EC0-301F-11D3-BF4B-00C04F79EFBC}") = "3-08 uzduotis", "3-08 uzduotis\3-08 uzduotis.csproj", "{8BBF7D20-8FED-4221-8B13-35974C052206}"
EndProject
Project("{FAE04EC0-301F-11D3-BF4B-00C04F79EFBC}") = "4-01 uzduotys", "4-01 uzduotys\4-01 uzduotys.csproj", "{4A857375-5103-44BA-8A60-BC084653163F}"
EndProject
Project("{FAE04EC0-301F-11D3-BF4B-00C04F79EFBC}") = "4-02 uzduotis", "4-02 uzduotis\4-02 uzduotis.csproj", "{A31E656A-2FA6-474D-9006-D289445FB57F}"
EndProject
Project("{FAE04EC0-301F-11D3-BF4B-00C04F79EFBC}") = "4-03 uzduotis", "4-03 uzduotis\4-03 uzduotis.csproj", "{7E5A92F6-B93D-4119-BD45-88FA4858E104}"
EndProject
Project("{FAE04EC0-301F-11D3-BF4B-00C04F79EFBC}") = "4-04 uzduotis", "4-04 uzduotis\4-04 uzduotis.csproj", "{EAAEB335-9294-47CA-8C1B-3DBBB4403917}"
EndProject
Project("{FAE04EC0-301F-11D3-BF4B-00C04F79EFBC}") = "4-05 uzduotis", "4-05 uzduotis\4-05 uzduotis.csproj", "{935BBC83-6891-4DD9-A48B-B15F1B57CEB3}"
EndProject
Project("{FAE04EC0-301F-11D3-BF4B-00C04F79EFBC}") = "4-06 uzduotis", "4-06 uzduotis\4-06 uzduotis.csproj", "{94980FC8-6028-46BF-8229-D9201F43DC72}"
EndProject
Project("{FAE04EC0-301F-11D3-BF4B-00C04F79EFBC}") = "4-07 uzduotis", "4-07 uzduotis\4-07 uzduotis.csproj", "{7B2A9108-437D-4B2F-AA29-026767D9CA17}"
EndProject
Project("{FAE04EC0-301F-11D3-BF4B-00C04F79EFBC}") = "4-08 uzduotis", "4-08 uzduotis\4-08 uzduotis.csproj", "{D281D9C0-A5A3-415D-8C5D-82E4047BE655}"
EndProject
Project("{FAE04EC0-301F-11D3-BF4B-00C04F79EFBC}") = "4-09 uzduotis", "4-09 uzduotis\4-09 uzduotis.csproj", "{D0B04493-24D0-48DA-9D86-9AA8614274CA}"
EndProject
Project("{FAE04EC0-301F-11D3-BF4B-00C04F79EFBC}") = "4-10 uzduotis", "4-10 uzduotis\4-10 uzduotis.csproj", "{C577559A-A608-4CD3-B89F-D842E84260DC}"
EndProject
Project("{FAE04EC0-301F-11D3-BF4B-00C04F79EFBC}") = "4-11uzduotis", "4-11uzduotis\4-11uzduotis.csproj", "{69365643-EDBB-4E94-A153-B1ADE20607E5}"
EndProject
Project("{FAE04EC0-301F-11D3-BF4B-00C04F79EFBC}") = "4-12 uzduotis", "4-12 uzduotis\4-12 uzduotis.csproj", "{62E90697-8E7B-4E20-96CB-E6181123DCAF}"
EndProject
Project("{FAE04EC0-301F-11D3-BF4B-00C04F79EFBC}") = "4-13 zduotis", "4-13 zduotis\4-13 zduotis.csproj", "{83582CD8-4C1D-4929-9E51-A1508E6AADF1}"
EndProject
Project("{FAE04EC0-301F-11D3-BF4B-00C04F79EFBC}") = "4-14 uzduotis", "4-14 uzduotis\4-14 uzduotis.csproj", "{0F88A930-591A-4F64-850F-DE72368D69F0}"
EndProject
Project("{FAE04EC0-301F-11D3-BF4B-00C04F79EFBC}") = "4-15 uzduotis", "4-15 uzduotis\4-15 uzduotis.csproj", "{C6ACA218-29F1-43A6-90E9-440FD4BC3E4B}"
EndProject
Project("{2150E333-8FDC-42A3-9474-1A3956D46DE8}") = "05 masyvai", "05 masyvai", "{626B73FA-DC27-4597-9F5B-4F10883F9FC5}"
EndProject
Project("{2150E333-8FDC-42A3-9474-1A3956D46DE8}") = "06 sarasai", "06 sarasai", "{93783094-3256-4040-90BE-76C4B663271B}"
EndProject
Project("{FAE04EC0-301F-11D3-BF4B-00C04F79EFBC}") = "5-01 uzduotis", "5-01 uzduotis\5-01 uzduotis.csproj", "{87D29A28-446C-4825-A6EF-31A20A52FF21}"
EndProject
Project("{FAE04EC0-301F-11D3-BF4B-00C04F79EFBC}") = "6-01 uzduotis", "6-01 uzduotis\6-01 uzduotis.csproj", "{0CDB2FCE-ED26-4BBE-8225-68469A86B1A1}"
EndProject
Project("{FAE04EC0-301F-11D3-BF4B-00C04F79EFBC}") = "6-02 uzduotis", "6-02 uzduotis\6-02 uzduotis.csproj", "{35FD9C31-3F1E-4A22-9648-0559647C99C6}"
EndProject
Project("{FAE04EC0-301F-11D3-BF4B-00C04F79EFBC}") = "6-03 uzduotis", "6-03 uzduotis\6-03 uzduotis.csproj", "{CE19778D-743D-4280-8E98-6C509FA45EA4}"
EndProject
Project("{FAE04EC0-301F-11D3-BF4B-00C04F79EFBC}") = "6-04 uzduotis", "6-04 uzduotis\6-04 uzduotis.csproj", "{22EBE20A-7E25-4988-9EA8-0DC50C0B8DE3}"
EndProject
Project("{FAE04EC0-301F-11D3-BF4B-00C04F79EFBC}") = "6-05 uzduotis", "6-05 uzduotis\6-05 uzduotis.csproj", "{48160F12-07B4-4A3F-AB7C-98365095D329}"
EndProject
Project("{FAE04EC0-301F-11D3-BF4B-00C04F79EFBC}") = "6-06 uzduotis", "6-06 uzduotis\6-06 uzduotis.csproj", "{7431C90C-846D-4D19-A44E-03E5824B7C8F}"
EndProject
Project("{2150E333-8FDC-42A3-9474-1A3956D46DE8}") = "07 metodai", "07 metodai", "{7CD15563-33FA-41A2-9166-CF2DC24EDDC3}"
EndProject
Project("{FAE04EC0-301F-11D3-BF4B-00C04F79EFBC}") = "7-00 metodas", "7-00 metodas\7-00 metodas.csproj", "{69CBE123-B8BB-44D9-AC7F-A4923BEA6819}"
EndProject
Project("{2150E333-8FDC-42A3-9474-1A3956D46DE8}") = "08 ciklai", "08 ciklai", "{E51F6CD1-0EA7-4281-82FD-15D23AD65B34}"
EndProject
Project("{2150E333-8FDC-42A3-9474-1A3956D46DE8}") = "08-1 if", "08-1 if", "{795A5089-E6A7-4660-93B5-F45C98758674}"
EndProject
Project("{FAE04EC0-301F-11D3-BF4B-00C04F79EFBC}") = "8-1-01", "8-1-01\8-1-01.csproj", "{425F3E89-A6BD-401F-A2D0-2CCBCF9B52C7}"
EndProject
Project("{FAE04EC0-301F-11D3-BF4B-00C04F79EFBC}") = "8-1-02", "8-1-02\8-1-02.csproj", "{DB463AF1-EA20-4A8E-BAD7-6D373DF51B32}"
EndProject
Project("{FAE04EC0-301F-11D3-BF4B-00C04F79EFBC}") = "8-1-03", "8-1-03\8-1-03.csproj", "{18AC3F9E-A7B7-4CD4-A3F4-C05B16F837FF}"
EndProject
Project("{FAE04EC0-301F-11D3-BF4B-00C04F79EFBC}") = "8-1-04", "8-1-04\8-1-04.csproj", "{873C0EB9-8291-4AFE-9758-45094DD76423}"
EndProject
Project("{2150E333-8FDC-42A3-9474-1A3956D46DE8}") = "09 metodai", "09 metodai", "{F664DAE0-00FA-4D7C-AC2F-97B12E561F6D}"
EndProject
Project("{FAE04EC0-301F-11D3-BF4B-00C04F79EFBC}") = "9-01", "9-01\9-01.csproj", "{EB840BB5-2956-4256-BAE3-F7732A256743}"
EndProject
Project("{FAE04EC0-301F-11D3-BF4B-00C04F79EFBC}") = "9-02", "9-02\9-02.csproj", "{7BE71BB6-0360-43E6-9A37-97B43005DB86}"
EndProject
Project("{FAE04EC0-301F-11D3-BF4B-00C04F79EFBC}") = "9-03", "9-03\9-03.csproj", "{48FABFA1-2A04-45AF-9EC4-774694E95545}"
EndProject
Project("{FAE04EC0-301F-11D3-BF4B-00C04F79EFBC}") = "9-04", "9-04\9-04.csproj", "{8A95DF40-7906-4FA2-BB8B-30C42A24F193}"
EndProject
Project("{FAE04EC0-301F-11D3-BF4B-00C04F79EFBC}") = "9-05", "9-05\9-05.csproj", "{A4AAA43B-D6F9-4E92-923A-5C9967514568}"
EndProject
Project("{FAE04EC0-301F-11D3-BF4B-00C04F79EFBC}") = "9-06", "9-06\9-06.csproj", "{FF3FDC03-3B1A-4A2A-A985-503B66FF612F}"
EndProject
Project("{FAE04EC0-301F-11D3-BF4B-00C04F79EFBC}") = "9-07", "9-07\9-07.csproj", "{2DFB65E4-1B1D-464D-B1B5-B888F07C34D9}"
EndProject
Project("{FAE04EC0-301F-11D3-BF4B-00C04F79EFBC}") = "9-08", "9-08\9-08.csproj", "{CA5A6632-5ABB-4EE2-9C50-2914986ACC24}"
EndProject
Project("{FAE04EC0-301F-11D3-BF4B-00C04F79EFBC}") = "9-09", "9-09\9-09.csproj", "{0C079DA9-5989-4B39-AD41-D80413FCE069}"
EndProject
Project("{FAE04EC0-301F-11D3-BF4B-00C04F79EFBC}") = "9-10", "9-10\9-10.csproj", "{1538D478-E7E9-45FE-8920-BF178EB6133D}"
EndProject
Project("{2150E333-8FDC-42A3-9474-1A3956D46DE8}") = "09-1 su gražinimo tipu", "09-1 su gražinimo tipu", "{108D83DE-F932-4C73-BF8B-0FCEE5631C04}"
EndProject
Project("{FAE04EC0-301F-11D3-BF4B-00C04F79EFBC}") = "9-1-01", "9-1-01\9-1-01.csproj", "{0BE995FB-3068-4F8B-90F1-9392B02E98B1}"
EndProject
Project("{FAE04EC0-301F-11D3-BF4B-00C04F79EFBC}") = "9-11", "9-11\9-11.csproj", "{064E9491-C5D0-4D22-B8B0-0891D281B878}"
EndProject
Project("{2150E333-8FDC-42A3-9474-1A3956D46DE8}") = "10 klasės", "10 klasės", "{7EAF4990-B1F2-48A9-AB1B-3EDF0BD72AF5}"
EndProject
Project("{FAE04EC0-301F-11D3-BF4B-00C04F79EFBC}") = "10-1", "10-1\10-1.csproj", "{6E943859-8E59-4CC8-A43B-31ACA5069BA3}"
EndProject
Project("{FAE04EC0-301F-11D3-BF4B-00C04F79EFBC}") = "10-2", "10-2\10-2.csproj", "{014F84E4-A015-49B3-9AA9-6675485B5CD7}"
EndProject
Global
	GlobalSection(SolutionConfigurationPlatforms) = preSolution
		Debug|Any CPU = Debug|Any CPU
		Release|Any CPU = Release|Any CPU
	EndGlobalSection
	GlobalSection(ProjectConfigurationPlatforms) = postSolution
		{AC34C775-E625-4E37-B0D2-5120A50C86FC}.Debug|Any CPU.ActiveCfg = Debug|Any CPU
		{AC34C775-E625-4E37-B0D2-5120A50C86FC}.Debug|Any CPU.Build.0 = Debug|Any CPU
		{AC34C775-E625-4E37-B0D2-5120A50C86FC}.Release|Any CPU.ActiveCfg = Release|Any CPU
		{AC34C775-E625-4E37-B0D2-5120A50C86FC}.Release|Any CPU.Build.0 = Release|Any CPU
		{79185A94-E56A-4871-938B-0084B55FB52A}.Debug|Any CPU.ActiveCfg = Debug|Any CPU
		{79185A94-E56A-4871-938B-0084B55FB52A}.Debug|Any CPU.Build.0 = Debug|Any CPU
		{79185A94-E56A-4871-938B-0084B55FB52A}.Release|Any CPU.ActiveCfg = Release|Any CPU
		{79185A94-E56A-4871-938B-0084B55FB52A}.Release|Any CPU.Build.0 = Release|Any CPU
		{99802E94-AC75-49C5-8346-7655699A9979}.Debug|Any CPU.ActiveCfg = Debug|Any CPU
		{99802E94-AC75-49C5-8346-7655699A9979}.Debug|Any CPU.Build.0 = Debug|Any CPU
		{99802E94-AC75-49C5-8346-7655699A9979}.Release|Any CPU.ActiveCfg = Release|Any CPU
		{99802E94-AC75-49C5-8346-7655699A9979}.Release|Any CPU.Build.0 = Release|Any CPU
		{3C7B3D33-92BA-4140-96AB-064BCEF65C45}.Debug|Any CPU.ActiveCfg = Debug|Any CPU
		{3C7B3D33-92BA-4140-96AB-064BCEF65C45}.Debug|Any CPU.Build.0 = Debug|Any CPU
		{3C7B3D33-92BA-4140-96AB-064BCEF65C45}.Release|Any CPU.ActiveCfg = Release|Any CPU
		{3C7B3D33-92BA-4140-96AB-064BCEF65C45}.Release|Any CPU.Build.0 = Release|Any CPU
		{AA6E978D-37C6-4F53-8873-0FFEA5B33B2D}.Debug|Any CPU.ActiveCfg = Debug|Any CPU
		{AA6E978D-37C6-4F53-8873-0FFEA5B33B2D}.Debug|Any CPU.Build.0 = Debug|Any CPU
		{AA6E978D-37C6-4F53-8873-0FFEA5B33B2D}.Release|Any CPU.ActiveCfg = Release|Any CPU
		{AA6E978D-37C6-4F53-8873-0FFEA5B33B2D}.Release|Any CPU.Build.0 = Release|Any CPU
		{979CA3EA-9759-4BC2-BAD7-1538B894152B}.Debug|Any CPU.ActiveCfg = Debug|Any CPU
		{979CA3EA-9759-4BC2-BAD7-1538B894152B}.Debug|Any CPU.Build.0 = Debug|Any CPU
		{979CA3EA-9759-4BC2-BAD7-1538B894152B}.Release|Any CPU.ActiveCfg = Release|Any CPU
		{979CA3EA-9759-4BC2-BAD7-1538B894152B}.Release|Any CPU.Build.0 = Release|Any CPU
		{376EC5BF-D10C-4756-94F6-249E789D2131}.Debug|Any CPU.ActiveCfg = Debug|Any CPU
		{376EC5BF-D10C-4756-94F6-249E789D2131}.Debug|Any CPU.Build.0 = Debug|Any CPU
		{376EC5BF-D10C-4756-94F6-249E789D2131}.Release|Any CPU.ActiveCfg = Release|Any CPU
		{376EC5BF-D10C-4756-94F6-249E789D2131}.Release|Any CPU.Build.0 = Release|Any CPU
		{1025E9D9-D9F9-4A52-A32B-DFF287857448}.Debug|Any CPU.ActiveCfg = Debug|Any CPU
		{1025E9D9-D9F9-4A52-A32B-DFF287857448}.Debug|Any CPU.Build.0 = Debug|Any CPU
		{1025E9D9-D9F9-4A52-A32B-DFF287857448}.Release|Any CPU.ActiveCfg = Release|Any CPU
		{1025E9D9-D9F9-4A52-A32B-DFF287857448}.Release|Any CPU.Build.0 = Release|Any CPU
		{F578D8C5-9302-460E-8EA3-8BF802E8D436}.Debug|Any CPU.ActiveCfg = Debug|Any CPU
		{F578D8C5-9302-460E-8EA3-8BF802E8D436}.Debug|Any CPU.Build.0 = Debug|Any CPU
		{F578D8C5-9302-460E-8EA3-8BF802E8D436}.Release|Any CPU.ActiveCfg = Release|Any CPU
		{F578D8C5-9302-460E-8EA3-8BF802E8D436}.Release|Any CPU.Build.0 = Release|Any CPU
		{8EDEC8CC-6EB6-4BD7-B08D-75AC97D49573}.Debug|Any CPU.ActiveCfg = Debug|Any CPU
		{8EDEC8CC-6EB6-4BD7-B08D-75AC97D49573}.Debug|Any CPU.Build.0 = Debug|Any CPU
		{8EDEC8CC-6EB6-4BD7-B08D-75AC97D49573}.Release|Any CPU.ActiveCfg = Release|Any CPU
		{8EDEC8CC-6EB6-4BD7-B08D-75AC97D49573}.Release|Any CPU.Build.0 = Release|Any CPU
		{36184475-8C9B-46EB-B1AC-24B1D3CD1A94}.Debug|Any CPU.ActiveCfg = Debug|Any CPU
		{36184475-8C9B-46EB-B1AC-24B1D3CD1A94}.Debug|Any CPU.Build.0 = Debug|Any CPU
		{36184475-8C9B-46EB-B1AC-24B1D3CD1A94}.Release|Any CPU.ActiveCfg = Release|Any CPU
		{36184475-8C9B-46EB-B1AC-24B1D3CD1A94}.Release|Any CPU.Build.0 = Release|Any CPU
		{AA075AB7-97F9-4B8E-8728-A30091D99876}.Debug|Any CPU.ActiveCfg = Debug|Any CPU
		{AA075AB7-97F9-4B8E-8728-A30091D99876}.Debug|Any CPU.Build.0 = Debug|Any CPU
		{AA075AB7-97F9-4B8E-8728-A30091D99876}.Release|Any CPU.ActiveCfg = Release|Any CPU
		{AA075AB7-97F9-4B8E-8728-A30091D99876}.Release|Any CPU.Build.0 = Release|Any CPU
		{B286FE1C-6CB2-4724-9540-DF6588D63E58}.Debug|Any CPU.ActiveCfg = Debug|Any CPU
		{B286FE1C-6CB2-4724-9540-DF6588D63E58}.Debug|Any CPU.Build.0 = Debug|Any CPU
		{B286FE1C-6CB2-4724-9540-DF6588D63E58}.Release|Any CPU.ActiveCfg = Release|Any CPU
		{B286FE1C-6CB2-4724-9540-DF6588D63E58}.Release|Any CPU.Build.0 = Release|Any CPU
		{D04350B0-59F3-488E-8637-20B6B35906C0}.Debug|Any CPU.ActiveCfg = Debug|Any CPU
		{D04350B0-59F3-488E-8637-20B6B35906C0}.Debug|Any CPU.Build.0 = Debug|Any CPU
		{D04350B0-59F3-488E-8637-20B6B35906C0}.Release|Any CPU.ActiveCfg = Release|Any CPU
		{D04350B0-59F3-488E-8637-20B6B35906C0}.Release|Any CPU.Build.0 = Release|Any CPU
		{7BE8E3E8-EAD4-4263-BDE9-D21EAFE1F1DF}.Debug|Any CPU.ActiveCfg = Debug|Any CPU
		{7BE8E3E8-EAD4-4263-BDE9-D21EAFE1F1DF}.Debug|Any CPU.Build.0 = Debug|Any CPU
		{7BE8E3E8-EAD4-4263-BDE9-D21EAFE1F1DF}.Release|Any CPU.ActiveCfg = Release|Any CPU
		{7BE8E3E8-EAD4-4263-BDE9-D21EAFE1F1DF}.Release|Any CPU.Build.0 = Release|Any CPU
		{700471D5-80A1-420B-B857-AF7031789391}.Debug|Any CPU.ActiveCfg = Debug|Any CPU
		{700471D5-80A1-420B-B857-AF7031789391}.Debug|Any CPU.Build.0 = Debug|Any CPU
		{700471D5-80A1-420B-B857-AF7031789391}.Release|Any CPU.ActiveCfg = Release|Any CPU
		{700471D5-80A1-420B-B857-AF7031789391}.Release|Any CPU.Build.0 = Release|Any CPU
		{84DFAC9C-82D5-4F3A-8508-EAA0C037FC82}.Debug|Any CPU.ActiveCfg = Debug|Any CPU
		{84DFAC9C-82D5-4F3A-8508-EAA0C037FC82}.Debug|Any CPU.Build.0 = Debug|Any CPU
		{84DFAC9C-82D5-4F3A-8508-EAA0C037FC82}.Release|Any CPU.ActiveCfg = Release|Any CPU
		{84DFAC9C-82D5-4F3A-8508-EAA0C037FC82}.Release|Any CPU.Build.0 = Release|Any CPU
		{91B8A971-3062-4364-9FAE-2A620228A3F1}.Debug|Any CPU.ActiveCfg = Debug|Any CPU
		{91B8A971-3062-4364-9FAE-2A620228A3F1}.Debug|Any CPU.Build.0 = Debug|Any CPU
		{91B8A971-3062-4364-9FAE-2A620228A3F1}.Release|Any CPU.ActiveCfg = Release|Any CPU
		{91B8A971-3062-4364-9FAE-2A620228A3F1}.Release|Any CPU.Build.0 = Release|Any CPU
		{211C8EB7-0788-47A2-B75B-D10D7C7B8B7F}.Debug|Any CPU.ActiveCfg = Debug|Any CPU
		{211C8EB7-0788-47A2-B75B-D10D7C7B8B7F}.Debug|Any CPU.Build.0 = Debug|Any CPU
		{211C8EB7-0788-47A2-B75B-D10D7C7B8B7F}.Release|Any CPU.ActiveCfg = Release|Any CPU
		{211C8EB7-0788-47A2-B75B-D10D7C7B8B7F}.Release|Any CPU.Build.0 = Release|Any CPU
		{8DE491BF-6BAA-434A-AA46-E3C8D26AA86F}.Debug|Any CPU.ActiveCfg = Debug|Any CPU
		{8DE491BF-6BAA-434A-AA46-E3C8D26AA86F}.Debug|Any CPU.Build.0 = Debug|Any CPU
		{8DE491BF-6BAA-434A-AA46-E3C8D26AA86F}.Release|Any CPU.ActiveCfg = Release|Any CPU
		{8DE491BF-6BAA-434A-AA46-E3C8D26AA86F}.Release|Any CPU.Build.0 = Release|Any CPU
		{D4D08023-E725-4070-8EF3-62AB39A560C8}.Debug|Any CPU.ActiveCfg = Debug|Any CPU
		{D4D08023-E725-4070-8EF3-62AB39A560C8}.Debug|Any CPU.Build.0 = Debug|Any CPU
		{D4D08023-E725-4070-8EF3-62AB39A560C8}.Release|Any CPU.ActiveCfg = Release|Any CPU
		{D4D08023-E725-4070-8EF3-62AB39A560C8}.Release|Any CPU.Build.0 = Release|Any CPU
		{B9B5DAD3-8E72-4180-B46C-3B90815754CC}.Debug|Any CPU.ActiveCfg = Debug|Any CPU
		{B9B5DAD3-8E72-4180-B46C-3B90815754CC}.Debug|Any CPU.Build.0 = Debug|Any CPU
		{B9B5DAD3-8E72-4180-B46C-3B90815754CC}.Release|Any CPU.ActiveCfg = Release|Any CPU
		{B9B5DAD3-8E72-4180-B46C-3B90815754CC}.Release|Any CPU.Build.0 = Release|Any CPU
		{7CD0479C-CF68-492A-A714-CE08E6A2C621}.Debug|Any CPU.ActiveCfg = Debug|Any CPU
		{7CD0479C-CF68-492A-A714-CE08E6A2C621}.Debug|Any CPU.Build.0 = Debug|Any CPU
		{7CD0479C-CF68-492A-A714-CE08E6A2C621}.Release|Any CPU.ActiveCfg = Release|Any CPU
		{7CD0479C-CF68-492A-A714-CE08E6A2C621}.Release|Any CPU.Build.0 = Release|Any CPU
		{8BBF7D20-8FED-4221-8B13-35974C052206}.Debug|Any CPU.ActiveCfg = Debug|Any CPU
		{8BBF7D20-8FED-4221-8B13-35974C052206}.Debug|Any CPU.Build.0 = Debug|Any CPU
		{8BBF7D20-8FED-4221-8B13-35974C052206}.Release|Any CPU.ActiveCfg = Release|Any CPU
		{8BBF7D20-8FED-4221-8B13-35974C052206}.Release|Any CPU.Build.0 = Release|Any CPU
		{4A857375-5103-44BA-8A60-BC084653163F}.Debug|Any CPU.ActiveCfg = Debug|Any CPU
		{4A857375-5103-44BA-8A60-BC084653163F}.Debug|Any CPU.Build.0 = Debug|Any CPU
		{4A857375-5103-44BA-8A60-BC084653163F}.Release|Any CPU.ActiveCfg = Release|Any CPU
		{4A857375-5103-44BA-8A60-BC084653163F}.Release|Any CPU.Build.0 = Release|Any CPU
		{A31E656A-2FA6-474D-9006-D289445FB57F}.Debug|Any CPU.ActiveCfg = Debug|Any CPU
		{A31E656A-2FA6-474D-9006-D289445FB57F}.Debug|Any CPU.Build.0 = Debug|Any CPU
		{A31E656A-2FA6-474D-9006-D289445FB57F}.Release|Any CPU.ActiveCfg = Release|Any CPU
		{A31E656A-2FA6-474D-9006-D289445FB57F}.Release|Any CPU.Build.0 = Release|Any CPU
		{7E5A92F6-B93D-4119-BD45-88FA4858E104}.Debug|Any CPU.ActiveCfg = Debug|Any CPU
		{7E5A92F6-B93D-4119-BD45-88FA4858E104}.Debug|Any CPU.Build.0 = Debug|Any CPU
		{7E5A92F6-B93D-4119-BD45-88FA4858E104}.Release|Any CPU.ActiveCfg = Release|Any CPU
		{7E5A92F6-B93D-4119-BD45-88FA4858E104}.Release|Any CPU.Build.0 = Release|Any CPU
		{EAAEB335-9294-47CA-8C1B-3DBBB4403917}.Debug|Any CPU.ActiveCfg = Debug|Any CPU
		{EAAEB335-9294-47CA-8C1B-3DBBB4403917}.Debug|Any CPU.Build.0 = Debug|Any CPU
		{EAAEB335-9294-47CA-8C1B-3DBBB4403917}.Release|Any CPU.ActiveCfg = Release|Any CPU
		{EAAEB335-9294-47CA-8C1B-3DBBB4403917}.Release|Any CPU.Build.0 = Release|Any CPU
		{935BBC83-6891-4DD9-A48B-B15F1B57CEB3}.Debug|Any CPU.ActiveCfg = Debug|Any CPU
		{935BBC83-6891-4DD9-A48B-B15F1B57CEB3}.Debug|Any CPU.Build.0 = Debug|Any CPU
		{935BBC83-6891-4DD9-A48B-B15F1B57CEB3}.Release|Any CPU.ActiveCfg = Release|Any CPU
		{935BBC83-6891-4DD9-A48B-B15F1B57CEB3}.Release|Any CPU.Build.0 = Release|Any CPU
		{94980FC8-6028-46BF-8229-D9201F43DC72}.Debug|Any CPU.ActiveCfg = Debug|Any CPU
		{94980FC8-6028-46BF-8229-D9201F43DC72}.Debug|Any CPU.Build.0 = Debug|Any CPU
		{94980FC8-6028-46BF-8229-D9201F43DC72}.Release|Any CPU.ActiveCfg = Release|Any CPU
		{94980FC8-6028-46BF-8229-D9201F43DC72}.Release|Any CPU.Build.0 = Release|Any CPU
		{7B2A9108-437D-4B2F-AA29-026767D9CA17}.Debug|Any CPU.ActiveCfg = Debug|Any CPU
		{7B2A9108-437D-4B2F-AA29-026767D9CA17}.Debug|Any CPU.Build.0 = Debug|Any CPU
		{7B2A9108-437D-4B2F-AA29-026767D9CA17}.Release|Any CPU.ActiveCfg = Release|Any CPU
		{7B2A9108-437D-4B2F-AA29-026767D9CA17}.Release|Any CPU.Build.0 = Release|Any CPU
		{D281D9C0-A5A3-415D-8C5D-82E4047BE655}.Debug|Any CPU.ActiveCfg = Debug|Any CPU
		{D281D9C0-A5A3-415D-8C5D-82E4047BE655}.Debug|Any CPU.Build.0 = Debug|Any CPU
		{D281D9C0-A5A3-415D-8C5D-82E4047BE655}.Release|Any CPU.ActiveCfg = Release|Any CPU
		{D281D9C0-A5A3-415D-8C5D-82E4047BE655}.Release|Any CPU.Build.0 = Release|Any CPU
		{D0B04493-24D0-48DA-9D86-9AA8614274CA}.Debug|Any CPU.ActiveCfg = Debug|Any CPU
		{D0B04493-24D0-48DA-9D86-9AA8614274CA}.Debug|Any CPU.Build.0 = Debug|Any CPU
		{D0B04493-24D0-48DA-9D86-9AA8614274CA}.Release|Any CPU.ActiveCfg = Release|Any CPU
		{D0B04493-24D0-48DA-9D86-9AA8614274CA}.Release|Any CPU.Build.0 = Release|Any CPU
		{C577559A-A608-4CD3-B89F-D842E84260DC}.Debug|Any CPU.ActiveCfg = Debug|Any CPU
		{C577559A-A608-4CD3-B89F-D842E84260DC}.Debug|Any CPU.Build.0 = Debug|Any CPU
		{C577559A-A608-4CD3-B89F-D842E84260DC}.Release|Any CPU.ActiveCfg = Release|Any CPU
		{C577559A-A608-4CD3-B89F-D842E84260DC}.Release|Any CPU.Build.0 = Release|Any CPU
		{69365643-EDBB-4E94-A153-B1ADE20607E5}.Debug|Any CPU.ActiveCfg = Debug|Any CPU
		{69365643-EDBB-4E94-A153-B1ADE20607E5}.Debug|Any CPU.Build.0 = Debug|Any CPU
		{69365643-EDBB-4E94-A153-B1ADE20607E5}.Release|Any CPU.ActiveCfg = Release|Any CPU
		{69365643-EDBB-4E94-A153-B1ADE20607E5}.Release|Any CPU.Build.0 = Release|Any CPU
		{62E90697-8E7B-4E20-96CB-E6181123DCAF}.Debug|Any CPU.ActiveCfg = Debug|Any CPU
		{62E90697-8E7B-4E20-96CB-E6181123DCAF}.Debug|Any CPU.Build.0 = Debug|Any CPU
		{62E90697-8E7B-4E20-96CB-E6181123DCAF}.Release|Any CPU.ActiveCfg = Release|Any CPU
		{62E90697-8E7B-4E20-96CB-E6181123DCAF}.Release|Any CPU.Build.0 = Release|Any CPU
		{83582CD8-4C1D-4929-9E51-A1508E6AADF1}.Debug|Any CPU.ActiveCfg = Debug|Any CPU
		{83582CD8-4C1D-4929-9E51-A1508E6AADF1}.Debug|Any CPU.Build.0 = Debug|Any CPU
		{83582CD8-4C1D-4929-9E51-A1508E6AADF1}.Release|Any CPU.ActiveCfg = Release|Any CPU
		{83582CD8-4C1D-4929-9E51-A1508E6AADF1}.Release|Any CPU.Build.0 = Release|Any CPU
		{0F88A930-591A-4F64-850F-DE72368D69F0}.Debug|Any CPU.ActiveCfg = Debug|Any CPU
		{0F88A930-591A-4F64-850F-DE72368D69F0}.Debug|Any CPU.Build.0 = Debug|Any CPU
		{0F88A930-591A-4F64-850F-DE72368D69F0}.Release|Any CPU.ActiveCfg = Release|Any CPU
		{0F88A930-591A-4F64-850F-DE72368D69F0}.Release|Any CPU.Build.0 = Release|Any CPU
		{C6ACA218-29F1-43A6-90E9-440FD4BC3E4B}.Debug|Any CPU.ActiveCfg = Debug|Any CPU
		{C6ACA218-29F1-43A6-90E9-440FD4BC3E4B}.Debug|Any CPU.Build.0 = Debug|Any CPU
		{C6ACA218-29F1-43A6-90E9-440FD4BC3E4B}.Release|Any CPU.ActiveCfg = Release|Any CPU
		{C6ACA218-29F1-43A6-90E9-440FD4BC3E4B}.Release|Any CPU.Build.0 = Release|Any CPU
		{87D29A28-446C-4825-A6EF-31A20A52FF21}.Debug|Any CPU.ActiveCfg = Debug|Any CPU
		{87D29A28-446C-4825-A6EF-31A20A52FF21}.Debug|Any CPU.Build.0 = Debug|Any CPU
		{87D29A28-446C-4825-A6EF-31A20A52FF21}.Release|Any CPU.ActiveCfg = Release|Any CPU
		{87D29A28-446C-4825-A6EF-31A20A52FF21}.Release|Any CPU.Build.0 = Release|Any CPU
		{0CDB2FCE-ED26-4BBE-8225-68469A86B1A1}.Debug|Any CPU.ActiveCfg = Debug|Any CPU
		{0CDB2FCE-ED26-4BBE-8225-68469A86B1A1}.Debug|Any CPU.Build.0 = Debug|Any CPU
		{0CDB2FCE-ED26-4BBE-8225-68469A86B1A1}.Release|Any CPU.ActiveCfg = Release|Any CPU
		{0CDB2FCE-ED26-4BBE-8225-68469A86B1A1}.Release|Any CPU.Build.0 = Release|Any CPU
		{35FD9C31-3F1E-4A22-9648-0559647C99C6}.Debug|Any CPU.ActiveCfg = Debug|Any CPU
		{35FD9C31-3F1E-4A22-9648-0559647C99C6}.Debug|Any CPU.Build.0 = Debug|Any CPU
		{35FD9C31-3F1E-4A22-9648-0559647C99C6}.Release|Any CPU.ActiveCfg = Release|Any CPU
		{35FD9C31-3F1E-4A22-9648-0559647C99C6}.Release|Any CPU.Build.0 = Release|Any CPU
		{CE19778D-743D-4280-8E98-6C509FA45EA4}.Debug|Any CPU.ActiveCfg = Debug|Any CPU
		{CE19778D-743D-4280-8E98-6C509FA45EA4}.Debug|Any CPU.Build.0 = Debug|Any CPU
		{CE19778D-743D-4280-8E98-6C509FA45EA4}.Release|Any CPU.ActiveCfg = Release|Any CPU
		{CE19778D-743D-4280-8E98-6C509FA45EA4}.Release|Any CPU.Build.0 = Release|Any CPU
		{22EBE20A-7E25-4988-9EA8-0DC50C0B8DE3}.Debug|Any CPU.ActiveCfg = Debug|Any CPU
		{22EBE20A-7E25-4988-9EA8-0DC50C0B8DE3}.Debug|Any CPU.Build.0 = Debug|Any CPU
		{22EBE20A-7E25-4988-9EA8-0DC50C0B8DE3}.Release|Any CPU.ActiveCfg = Release|Any CPU
		{22EBE20A-7E25-4988-9EA8-0DC50C0B8DE3}.Release|Any CPU.Build.0 = Release|Any CPU
		{48160F12-07B4-4A3F-AB7C-98365095D329}.Debug|Any CPU.ActiveCfg = Debug|Any CPU
		{48160F12-07B4-4A3F-AB7C-98365095D329}.Debug|Any CPU.Build.0 = Debug|Any CPU
		{48160F12-07B4-4A3F-AB7C-98365095D329}.Release|Any CPU.ActiveCfg = Release|Any CPU
		{48160F12-07B4-4A3F-AB7C-98365095D329}.Release|Any CPU.Build.0 = Release|Any CPU
		{7431C90C-846D-4D19-A44E-03E5824B7C8F}.Debug|Any CPU.ActiveCfg = Debug|Any CPU
		{7431C90C-846D-4D19-A44E-03E5824B7C8F}.Debug|Any CPU.Build.0 = Debug|Any CPU
		{7431C90C-846D-4D19-A44E-03E5824B7C8F}.Release|Any CPU.ActiveCfg = Release|Any CPU
		{7431C90C-846D-4D19-A44E-03E5824B7C8F}.Release|Any CPU.Build.0 = Release|Any CPU
		{69CBE123-B8BB-44D9-AC7F-A4923BEA6819}.Debug|Any CPU.ActiveCfg = Debug|Any CPU
		{69CBE123-B8BB-44D9-AC7F-A4923BEA6819}.Debug|Any CPU.Build.0 = Debug|Any CPU
		{69CBE123-B8BB-44D9-AC7F-A4923BEA6819}.Release|Any CPU.ActiveCfg = Release|Any CPU
		{69CBE123-B8BB-44D9-AC7F-A4923BEA6819}.Release|Any CPU.Build.0 = Release|Any CPU
		{425F3E89-A6BD-401F-A2D0-2CCBCF9B52C7}.Debug|Any CPU.ActiveCfg = Debug|Any CPU
		{425F3E89-A6BD-401F-A2D0-2CCBCF9B52C7}.Debug|Any CPU.Build.0 = Debug|Any CPU
		{425F3E89-A6BD-401F-A2D0-2CCBCF9B52C7}.Release|Any CPU.ActiveCfg = Release|Any CPU
		{425F3E89-A6BD-401F-A2D0-2CCBCF9B52C7}.Release|Any CPU.Build.0 = Release|Any CPU
		{DB463AF1-EA20-4A8E-BAD7-6D373DF51B32}.Debug|Any CPU.ActiveCfg = Debug|Any CPU
		{DB463AF1-EA20-4A8E-BAD7-6D373DF51B32}.Debug|Any CPU.Build.0 = Debug|Any CPU
		{DB463AF1-EA20-4A8E-BAD7-6D373DF51B32}.Release|Any CPU.ActiveCfg = Release|Any CPU
		{DB463AF1-EA20-4A8E-BAD7-6D373DF51B32}.Release|Any CPU.Build.0 = Release|Any CPU
		{18AC3F9E-A7B7-4CD4-A3F4-C05B16F837FF}.Debug|Any CPU.ActiveCfg = Debug|Any CPU
		{18AC3F9E-A7B7-4CD4-A3F4-C05B16F837FF}.Debug|Any CPU.Build.0 = Debug|Any CPU
		{18AC3F9E-A7B7-4CD4-A3F4-C05B16F837FF}.Release|Any CPU.ActiveCfg = Release|Any CPU
		{18AC3F9E-A7B7-4CD4-A3F4-C05B16F837FF}.Release|Any CPU.Build.0 = Release|Any CPU
		{873C0EB9-8291-4AFE-9758-45094DD76423}.Debug|Any CPU.ActiveCfg = Debug|Any CPU
		{873C0EB9-8291-4AFE-9758-45094DD76423}.Debug|Any CPU.Build.0 = Debug|Any CPU
		{873C0EB9-8291-4AFE-9758-45094DD76423}.Release|Any CPU.ActiveCfg = Release|Any CPU
		{873C0EB9-8291-4AFE-9758-45094DD76423}.Release|Any CPU.Build.0 = Release|Any CPU
		{EB840BB5-2956-4256-BAE3-F7732A256743}.Debug|Any CPU.ActiveCfg = Debug|Any CPU
		{EB840BB5-2956-4256-BAE3-F7732A256743}.Debug|Any CPU.Build.0 = Debug|Any CPU
		{EB840BB5-2956-4256-BAE3-F7732A256743}.Release|Any CPU.ActiveCfg = Release|Any CPU
		{EB840BB5-2956-4256-BAE3-F7732A256743}.Release|Any CPU.Build.0 = Release|Any CPU
		{7BE71BB6-0360-43E6-9A37-97B43005DB86}.Debug|Any CPU.ActiveCfg = Debug|Any CPU
		{7BE71BB6-0360-43E6-9A37-97B43005DB86}.Debug|Any CPU.Build.0 = Debug|Any CPU
		{7BE71BB6-0360-43E6-9A37-97B43005DB86}.Release|Any CPU.ActiveCfg = Release|Any CPU
		{7BE71BB6-0360-43E6-9A37-97B43005DB86}.Release|Any CPU.Build.0 = Release|Any CPU
		{48FABFA1-2A04-45AF-9EC4-774694E95545}.Debug|Any CPU.ActiveCfg = Debug|Any CPU
		{48FABFA1-2A04-45AF-9EC4-774694E95545}.Debug|Any CPU.Build.0 = Debug|Any CPU
		{48FABFA1-2A04-45AF-9EC4-774694E95545}.Release|Any CPU.ActiveCfg = Release|Any CPU
		{48FABFA1-2A04-45AF-9EC4-774694E95545}.Release|Any CPU.Build.0 = Release|Any CPU
		{8A95DF40-7906-4FA2-BB8B-30C42A24F193}.Debug|Any CPU.ActiveCfg = Debug|Any CPU
		{8A95DF40-7906-4FA2-BB8B-30C42A24F193}.Debug|Any CPU.Build.0 = Debug|Any CPU
		{8A95DF40-7906-4FA2-BB8B-30C42A24F193}.Release|Any CPU.ActiveCfg = Release|Any CPU
		{8A95DF40-7906-4FA2-BB8B-30C42A24F193}.Release|Any CPU.Build.0 = Release|Any CPU
		{A4AAA43B-D6F9-4E92-923A-5C9967514568}.Debug|Any CPU.ActiveCfg = Debug|Any CPU
		{A4AAA43B-D6F9-4E92-923A-5C9967514568}.Debug|Any CPU.Build.0 = Debug|Any CPU
		{A4AAA43B-D6F9-4E92-923A-5C9967514568}.Release|Any CPU.ActiveCfg = Release|Any CPU
		{A4AAA43B-D6F9-4E92-923A-5C9967514568}.Release|Any CPU.Build.0 = Release|Any CPU
		{FF3FDC03-3B1A-4A2A-A985-503B66FF612F}.Debug|Any CPU.ActiveCfg = Debug|Any CPU
		{FF3FDC03-3B1A-4A2A-A985-503B66FF612F}.Debug|Any CPU.Build.0 = Debug|Any CPU
		{FF3FDC03-3B1A-4A2A-A985-503B66FF612F}.Release|Any CPU.ActiveCfg = Release|Any CPU
		{FF3FDC03-3B1A-4A2A-A985-503B66FF612F}.Release|Any CPU.Build.0 = Release|Any CPU
		{2DFB65E4-1B1D-464D-B1B5-B888F07C34D9}.Debug|Any CPU.ActiveCfg = Debug|Any CPU
		{2DFB65E4-1B1D-464D-B1B5-B888F07C34D9}.Debug|Any CPU.Build.0 = Debug|Any CPU
		{2DFB65E4-1B1D-464D-B1B5-B888F07C34D9}.Release|Any CPU.ActiveCfg = Release|Any CPU
		{2DFB65E4-1B1D-464D-B1B5-B888F07C34D9}.Release|Any CPU.Build.0 = Release|Any CPU
		{CA5A6632-5ABB-4EE2-9C50-2914986ACC24}.Debug|Any CPU.ActiveCfg = Debug|Any CPU
		{CA5A6632-5ABB-4EE2-9C50-2914986ACC24}.Debug|Any CPU.Build.0 = Debug|Any CPU
		{CA5A6632-5ABB-4EE2-9C50-2914986ACC24}.Release|Any CPU.ActiveCfg = Release|Any CPU
		{CA5A6632-5ABB-4EE2-9C50-2914986ACC24}.Release|Any CPU.Build.0 = Release|Any CPU
		{0C079DA9-5989-4B39-AD41-D80413FCE069}.Debug|Any CPU.ActiveCfg = Debug|Any CPU
		{0C079DA9-5989-4B39-AD41-D80413FCE069}.Debug|Any CPU.Build.0 = Debug|Any CPU
		{0C079DA9-5989-4B39-AD41-D80413FCE069}.Release|Any CPU.ActiveCfg = Release|Any CPU
		{0C079DA9-5989-4B39-AD41-D80413FCE069}.Release|Any CPU.Build.0 = Release|Any CPU
		{1538D478-E7E9-45FE-8920-BF178EB6133D}.Debug|Any CPU.ActiveCfg = Debug|Any CPU
		{1538D478-E7E9-45FE-8920-BF178EB6133D}.Debug|Any CPU.Build.0 = Debug|Any CPU
		{1538D478-E7E9-45FE-8920-BF178EB6133D}.Release|Any CPU.ActiveCfg = Release|Any CPU
		{1538D478-E7E9-45FE-8920-BF178EB6133D}.Release|Any CPU.Build.0 = Release|Any CPU
		{0BE995FB-3068-4F8B-90F1-9392B02E98B1}.Debug|Any CPU.ActiveCfg = Debug|Any CPU
		{0BE995FB-3068-4F8B-90F1-9392B02E98B1}.Debug|Any CPU.Build.0 = Debug|Any CPU
		{0BE995FB-3068-4F8B-90F1-9392B02E98B1}.Release|Any CPU.ActiveCfg = Release|Any CPU
		{0BE995FB-3068-4F8B-90F1-9392B02E98B1}.Release|Any CPU.Build.0 = Release|Any CPU
		{064E9491-C5D0-4D22-B8B0-0891D281B878}.Debug|Any CPU.ActiveCfg = Debug|Any CPU
		{064E9491-C5D0-4D22-B8B0-0891D281B878}.Debug|Any CPU.Build.0 = Debug|Any CPU
		{064E9491-C5D0-4D22-B8B0-0891D281B878}.Release|Any CPU.ActiveCfg = Release|Any CPU
		{064E9491-C5D0-4D22-B8B0-0891D281B878}.Release|Any CPU.Build.0 = Release|Any CPU
		{6E943859-8E59-4CC8-A43B-31ACA5069BA3}.Debug|Any CPU.ActiveCfg = Debug|Any CPU
		{6E943859-8E59-4CC8-A43B-31ACA5069BA3}.Debug|Any CPU.Build.0 = Debug|Any CPU
		{6E943859-8E59-4CC8-A43B-31ACA5069BA3}.Release|Any CPU.ActiveCfg = Release|Any CPU
		{6E943859-8E59-4CC8-A43B-31ACA5069BA3}.Release|Any CPU.Build.0 = Release|Any CPU
		{014F84E4-A015-49B3-9AA9-6675485B5CD7}.Debug|Any CPU.ActiveCfg = Debug|Any CPU
		{014F84E4-A015-49B3-9AA9-6675485B5CD7}.Debug|Any CPU.Build.0 = Debug|Any CPU
		{014F84E4-A015-49B3-9AA9-6675485B5CD7}.Release|Any CPU.ActiveCfg = Release|Any CPU
		{014F84E4-A015-49B3-9AA9-6675485B5CD7}.Release|Any CPU.Build.0 = Release|Any CPU
	EndGlobalSection
	GlobalSection(SolutionProperties) = preSolution
		HideSolutionNode = FALSE
	EndGlobalSection
	GlobalSection(NestedProjects) = preSolution
		{AC34C775-E625-4E37-B0D2-5120A50C86FC} = {42B21202-C539-4C78-A5B3-15C2468D533C}
		{79185A94-E56A-4871-938B-0084B55FB52A} = {42B21202-C539-4C78-A5B3-15C2468D533C}
		{99802E94-AC75-49C5-8346-7655699A9979} = {D2864988-D180-498E-8AFB-014BAD48E833}
		{3C7B3D33-92BA-4140-96AB-064BCEF65C45} = {D2864988-D180-498E-8AFB-014BAD48E833}
		{AA6E978D-37C6-4F53-8873-0FFEA5B33B2D} = {D2864988-D180-498E-8AFB-014BAD48E833}
		{979CA3EA-9759-4BC2-BAD7-1538B894152B} = {D2864988-D180-498E-8AFB-014BAD48E833}
		{376EC5BF-D10C-4756-94F6-249E789D2131} = {D2864988-D180-498E-8AFB-014BAD48E833}
		{1025E9D9-D9F9-4A52-A32B-DFF287857448} = {D2864988-D180-498E-8AFB-014BAD48E833}
		{F578D8C5-9302-460E-8EA3-8BF802E8D436} = {D2864988-D180-498E-8AFB-014BAD48E833}
		{8EDEC8CC-6EB6-4BD7-B08D-75AC97D49573} = {D2864988-D180-498E-8AFB-014BAD48E833}
		{36184475-8C9B-46EB-B1AC-24B1D3CD1A94} = {D2864988-D180-498E-8AFB-014BAD48E833}
		{AA075AB7-97F9-4B8E-8728-A30091D99876} = {D2864988-D180-498E-8AFB-014BAD48E833}
		{B286FE1C-6CB2-4724-9540-DF6588D63E58} = {D2864988-D180-498E-8AFB-014BAD48E833}
		{D04350B0-59F3-488E-8637-20B6B35906C0} = {D2864988-D180-498E-8AFB-014BAD48E833}
		{7BE8E3E8-EAD4-4263-BDE9-D21EAFE1F1DF} = {D2864988-D180-498E-8AFB-014BAD48E833}
		{700471D5-80A1-420B-B857-AF7031789391} = {D2864988-D180-498E-8AFB-014BAD48E833}
		{84DFAC9C-82D5-4F3A-8508-EAA0C037FC82} = {4445709A-2FA3-4D74-A428-FCB8D4820C20}
		{91B8A971-3062-4364-9FAE-2A620228A3F1} = {4445709A-2FA3-4D74-A428-FCB8D4820C20}
		{211C8EB7-0788-47A2-B75B-D10D7C7B8B7F} = {4445709A-2FA3-4D74-A428-FCB8D4820C20}
		{8DE491BF-6BAA-434A-AA46-E3C8D26AA86F} = {4445709A-2FA3-4D74-A428-FCB8D4820C20}
		{D4D08023-E725-4070-8EF3-62AB39A560C8} = {4445709A-2FA3-4D74-A428-FCB8D4820C20}
		{B9B5DAD3-8E72-4180-B46C-3B90815754CC} = {4445709A-2FA3-4D74-A428-FCB8D4820C20}
		{7CD0479C-CF68-492A-A714-CE08E6A2C621} = {4445709A-2FA3-4D74-A428-FCB8D4820C20}
		{8BBF7D20-8FED-4221-8B13-35974C052206} = {4445709A-2FA3-4D74-A428-FCB8D4820C20}
		{4A857375-5103-44BA-8A60-BC084653163F} = {31EA624B-11EF-47EF-9D69-ABE72D0F9CF0}
		{A31E656A-2FA6-474D-9006-D289445FB57F} = {31EA624B-11EF-47EF-9D69-ABE72D0F9CF0}
		{7E5A92F6-B93D-4119-BD45-88FA4858E104} = {31EA624B-11EF-47EF-9D69-ABE72D0F9CF0}
		{EAAEB335-9294-47CA-8C1B-3DBBB4403917} = {31EA624B-11EF-47EF-9D69-ABE72D0F9CF0}
		{935BBC83-6891-4DD9-A48B-B15F1B57CEB3} = {31EA624B-11EF-47EF-9D69-ABE72D0F9CF0}
		{94980FC8-6028-46BF-8229-D9201F43DC72} = {31EA624B-11EF-47EF-9D69-ABE72D0F9CF0}
		{7B2A9108-437D-4B2F-AA29-026767D9CA17} = {31EA624B-11EF-47EF-9D69-ABE72D0F9CF0}
		{D281D9C0-A5A3-415D-8C5D-82E4047BE655} = {31EA624B-11EF-47EF-9D69-ABE72D0F9CF0}
		{D0B04493-24D0-48DA-9D86-9AA8614274CA} = {31EA624B-11EF-47EF-9D69-ABE72D0F9CF0}
		{C577559A-A608-4CD3-B89F-D842E84260DC} = {31EA624B-11EF-47EF-9D69-ABE72D0F9CF0}
		{69365643-EDBB-4E94-A153-B1ADE20607E5} = {31EA624B-11EF-47EF-9D69-ABE72D0F9CF0}
		{62E90697-8E7B-4E20-96CB-E6181123DCAF} = {31EA624B-11EF-47EF-9D69-ABE72D0F9CF0}
		{83582CD8-4C1D-4929-9E51-A1508E6AADF1} = {31EA624B-11EF-47EF-9D69-ABE72D0F9CF0}
		{0F88A930-591A-4F64-850F-DE72368D69F0} = {31EA624B-11EF-47EF-9D69-ABE72D0F9CF0}
		{C6ACA218-29F1-43A6-90E9-440FD4BC3E4B} = {31EA624B-11EF-47EF-9D69-ABE72D0F9CF0}
		{87D29A28-446C-4825-A6EF-31A20A52FF21} = {626B73FA-DC27-4597-9F5B-4F10883F9FC5}
		{0CDB2FCE-ED26-4BBE-8225-68469A86B1A1} = {93783094-3256-4040-90BE-76C4B663271B}
		{35FD9C31-3F1E-4A22-9648-0559647C99C6} = {93783094-3256-4040-90BE-76C4B663271B}
		{CE19778D-743D-4280-8E98-6C509FA45EA4} = {93783094-3256-4040-90BE-76C4B663271B}
		{22EBE20A-7E25-4988-9EA8-0DC50C0B8DE3} = {93783094-3256-4040-90BE-76C4B663271B}
		{48160F12-07B4-4A3F-AB7C-98365095D329} = {93783094-3256-4040-90BE-76C4B663271B}
		{7431C90C-846D-4D19-A44E-03E5824B7C8F} = {93783094-3256-4040-90BE-76C4B663271B}
		{69CBE123-B8BB-44D9-AC7F-A4923BEA6819} = {7CD15563-33FA-41A2-9166-CF2DC24EDDC3}
		{795A5089-E6A7-4660-93B5-F45C98758674} = {E51F6CD1-0EA7-4281-82FD-15D23AD65B34}
		{425F3E89-A6BD-401F-A2D0-2CCBCF9B52C7} = {795A5089-E6A7-4660-93B5-F45C98758674}
		{DB463AF1-EA20-4A8E-BAD7-6D373DF51B32} = {795A5089-E6A7-4660-93B5-F45C98758674}
		{18AC3F9E-A7B7-4CD4-A3F4-C05B16F837FF} = {795A5089-E6A7-4660-93B5-F45C98758674}
		{873C0EB9-8291-4AFE-9758-45094DD76423} = {795A5089-E6A7-4660-93B5-F45C98758674}
		{EB840BB5-2956-4256-BAE3-F7732A256743} = {F664DAE0-00FA-4D7C-AC2F-97B12E561F6D}
		{7BE71BB6-0360-43E6-9A37-97B43005DB86} = {F664DAE0-00FA-4D7C-AC2F-97B12E561F6D}
		{48FABFA1-2A04-45AF-9EC4-774694E95545} = {F664DAE0-00FA-4D7C-AC2F-97B12E561F6D}
		{8A95DF40-7906-4FA2-BB8B-30C42A24F193} = {F664DAE0-00FA-4D7C-AC2F-97B12E561F6D}
		{A4AAA43B-D6F9-4E92-923A-5C9967514568} = {F664DAE0-00FA-4D7C-AC2F-97B12E561F6D}
		{FF3FDC03-3B1A-4A2A-A985-503B66FF612F} = {F664DAE0-00FA-4D7C-AC2F-97B12E561F6D}
		{2DFB65E4-1B1D-464D-B1B5-B888F07C34D9} = {F664DAE0-00FA-4D7C-AC2F-97B12E561F6D}
		{CA5A6632-5ABB-4EE2-9C50-2914986ACC24} = {F664DAE0-00FA-4D7C-AC2F-97B12E561F6D}
		{0C079DA9-5989-4B39-AD41-D80413FCE069} = {F664DAE0-00FA-4D7C-AC2F-97B12E561F6D}
		{1538D478-E7E9-45FE-8920-BF178EB6133D} = {F664DAE0-00FA-4D7C-AC2F-97B12E561F6D}
		{108D83DE-F932-4C73-BF8B-0FCEE5631C04} = {F664DAE0-00FA-4D7C-AC2F-97B12E561F6D}
		{0BE995FB-3068-4F8B-90F1-9392B02E98B1} = {108D83DE-F932-4C73-BF8B-0FCEE5631C04}
		{064E9491-C5D0-4D22-B8B0-0891D281B878} = {F664DAE0-00FA-4D7C-AC2F-97B12E561F6D}
		{6E943859-8E59-4CC8-A43B-31ACA5069BA3} = {7EAF4990-B1F2-48A9-AB1B-3EDF0BD72AF5}
		{014F84E4-A015-49B3-9AA9-6675485B5CD7} = {7EAF4990-B1F2-48A9-AB1B-3EDF0BD72AF5}
	EndGlobalSection
	GlobalSection(ExtensibilityGlobals) = postSolution
		SolutionGuid = {0AE995C8-3D68-4458-943A-4244D6EFD51F}
	EndGlobalSection
EndGlobal
